
Microsoft Visual Studio Solution File, Format Version 12.00
# Visual Studio Version 16
VisualStudioVersion = 16.0.33423.256
MinimumVisualStudioVersion = 10.0.40219.1
Project("{8BC9CEB8-8B4A-11D0-8D11-00A0C91BC942}") = "Console_Validate_Stack_Sequences", "Console_Validate_Stack_Sequences\Console_Validate_Stack_Sequences.vcxproj", "{6CAA574B-7613-44EF-9D52-86E0E431EAEF}"
EndProject
Global
	GlobalSection(SolutionConfigurationPlatforms) = preSolution
		Debug|x64 = Debug|x64
		Debug|x86 = Debug|x86
		Release|x64 = Release|x64
		Release|x86 = Release|x86
	EndGlobalSection
	GlobalSection(ProjectConfigurationPlatforms) = postSolution
		{6CAA574B-7613-44EF-9D52-86E0E431EAEF}.Debug|x64.ActiveCfg = Debug|x64
		{6CAA574B-7613-44EF-9D52-86E0E431EAEF}.Debug|x64.Build.0 = Debug|x64
		{6CAA574B-7613-44EF-9D52-86E0E431EAEF}.Debug|x86.ActiveCfg = Debug|Win32
		{6CAA574B-7613-44EF-9D52-86E0E431EAEF}.Debug|x86.Build.0 = Debug|Win32
		{6CAA574B-7613-44EF-9D52-86E0E431EAEF}.Release|x64.ActiveCfg = Release|x64
		{6CAA574B-7613-44EF-9D52-86E0E431EAEF}.Release|x64.Build.0 = Release|x64
		{6CAA574B-7613-44EF-9D52-86E0E431EAEF}.Release|x86.ActiveCfg = Release|Win32
		{6CAA574B-7613-44EF-9D52-86E0E431EAEF}.Release|x86.Build.0 = Release|Win32
	EndGlobalSection
	GlobalSection(SolutionProperties) = preSolution
		HideSolutionNode = FALSE
	EndGlobalSection
	GlobalSection(ExtensibilityGlobals) = postSolution
		SolutionGuid = {B27473D0-3163-4E47-87FB-D56A58C9E577}
	EndGlobalSection
EndGlobal
