
Microsoft Visual Studio Solution File, Format Version 12.00
# Visual Studio Version 16
VisualStudioVersion = 16.0.35325.158
MinimumVisualStudioVersion = 10.0.40219.1
Project("{8BC9CEB8-8B4A-11D0-8D11-00A0C91BC942}") = "ConsoleApp_Remove_Duplicate_Letters", "ConsoleApp_Remove_Duplicate_Letters\ConsoleApp_Remove_Duplicate_Letters.vcxproj", "{703F38FA-0C99-4C81-9688-6421302D9BCC}"
EndProject
Global
	GlobalSection(SolutionConfigurationPlatforms) = preSolution
		Debug|x64 = Debug|x64
		Debug|x86 = Debug|x86
		Release|x64 = Release|x64
		Release|x86 = Release|x86
	EndGlobalSection
	GlobalSection(ProjectConfigurationPlatforms) = postSolution
		{703F38FA-0C99-4C81-9688-6421302D9BCC}.Debug|x64.ActiveCfg = Debug|x64
		{703F38FA-0C99-4C81-9688-6421302D9BCC}.Debug|x64.Build.0 = Debug|x64
		{703F38FA-0C99-4C81-9688-6421302D9BCC}.Debug|x86.ActiveCfg = Debug|Win32
		{703F38FA-0C99-4C81-9688-6421302D9BCC}.Debug|x86.Build.0 = Debug|Win32
		{703F38FA-0C99-4C81-9688-6421302D9BCC}.Release|x64.ActiveCfg = Release|x64
		{703F38FA-0C99-4C81-9688-6421302D9BCC}.Release|x64.Build.0 = Release|x64
		{703F38FA-0C99-4C81-9688-6421302D9BCC}.Release|x86.ActiveCfg = Release|Win32
		{703F38FA-0C99-4C81-9688-6421302D9BCC}.Release|x86.Build.0 = Release|Win32
	EndGlobalSection
	GlobalSection(SolutionProperties) = preSolution
		HideSolutionNode = FALSE
	EndGlobalSection
	GlobalSection(ExtensibilityGlobals) = postSolution
		SolutionGuid = {5D89B4D9-0FEE-47FE-B0E1-9EF2BD9E6E02}
	EndGlobalSection
EndGlobal
