
Microsoft Visual Studio Solution File, Format Version 12.00
# Visual Studio Version 16
VisualStudioVersion = 16.0.33423.256
MinimumVisualStudioVersion = 10.0.40219.1
Project("{8BC9CEB8-8B4A-11D0-8D11-00A0C91BC942}") = "ConsoleApp_Diameter_of_BinaryTree", "ConsoleApp_Diameter_of_BinaryTree\ConsoleApp_Diameter_of_BinaryTree.vcxproj", "{1FE851B9-0E84-49AC-87BB-5A5E58269DEC}"
EndProject
Global
	GlobalSection(SolutionConfigurationPlatforms) = preSolution
		Debug|x64 = Debug|x64
		Debug|x86 = Debug|x86
		Release|x64 = Release|x64
		Release|x86 = Release|x86
	EndGlobalSection
	GlobalSection(ProjectConfigurationPlatforms) = postSolution
		{1FE851B9-0E84-49AC-87BB-5A5E58269DEC}.Debug|x64.ActiveCfg = Debug|x64
		{1FE851B9-0E84-49AC-87BB-5A5E58269DEC}.Debug|x64.Build.0 = Debug|x64
		{1FE851B9-0E84-49AC-87BB-5A5E58269DEC}.Debug|x86.ActiveCfg = Debug|Win32
		{1FE851B9-0E84-49AC-87BB-5A5E58269DEC}.Debug|x86.Build.0 = Debug|Win32
		{1FE851B9-0E84-49AC-87BB-5A5E58269DEC}.Release|x64.ActiveCfg = Release|x64
		{1FE851B9-0E84-49AC-87BB-5A5E58269DEC}.Release|x64.Build.0 = Release|x64
		{1FE851B9-0E84-49AC-87BB-5A5E58269DEC}.Release|x86.ActiveCfg = Release|Win32
		{1FE851B9-0E84-49AC-87BB-5A5E58269DEC}.Release|x86.Build.0 = Release|Win32
	EndGlobalSection
	GlobalSection(SolutionProperties) = preSolution
		HideSolutionNode = FALSE
	EndGlobalSection
	GlobalSection(ExtensibilityGlobals) = postSolution
		SolutionGuid = {40216A70-AE97-4D96-B329-A1D49EF22B42}
	EndGlobalSection
EndGlobal
