
Microsoft Visual Studio Solution File, Format Version 12.00
# Visual Studio Version 16
VisualStudioVersion = 16.0.33423.256
MinimumVisualStudioVersion = 10.0.40219.1
Project("{8BC9CEB8-8B4A-11D0-8D11-00A0C91BC942}") = "Console_NumbersDisappearInArray", "Console_NumbersDisappearInArray\Console_NumbersDisappearInArray.vcxproj", "{04B88186-46EC-475A-9775-8161C2E89FCA}"
EndProject
Global
	GlobalSection(SolutionConfigurationPlatforms) = preSolution
		Debug|x64 = Debug|x64
		Debug|x86 = Debug|x86
		Release|x64 = Release|x64
		Release|x86 = Release|x86
	EndGlobalSection
	GlobalSection(ProjectConfigurationPlatforms) = postSolution
		{04B88186-46EC-475A-9775-8161C2E89FCA}.Debug|x64.ActiveCfg = Debug|x64
		{04B88186-46EC-475A-9775-8161C2E89FCA}.Debug|x64.Build.0 = Debug|x64
		{04B88186-46EC-475A-9775-8161C2E89FCA}.Debug|x86.ActiveCfg = Debug|Win32
		{04B88186-46EC-475A-9775-8161C2E89FCA}.Debug|x86.Build.0 = Debug|Win32
		{04B88186-46EC-475A-9775-8161C2E89FCA}.Release|x64.ActiveCfg = Release|x64
		{04B88186-46EC-475A-9775-8161C2E89FCA}.Release|x64.Build.0 = Release|x64
		{04B88186-46EC-475A-9775-8161C2E89FCA}.Release|x86.ActiveCfg = Release|Win32
		{04B88186-46EC-475A-9775-8161C2E89FCA}.Release|x86.Build.0 = Release|Win32
	EndGlobalSection
	GlobalSection(SolutionProperties) = preSolution
		HideSolutionNode = FALSE
	EndGlobalSection
	GlobalSection(ExtensibilityGlobals) = postSolution
		SolutionGuid = {3BECAF5C-436C-4058-A32D-AD5A439E8257}
	EndGlobalSection
EndGlobal
