
Microsoft Visual Studio Solution File, Format Version 12.00
# Visual Studio Version 16
VisualStudioVersion = 16.0.33423.256
MinimumVisualStudioVersion = 10.0.40219.1
Project("{8BC9CEB8-8B4A-11D0-8D11-00A0C91BC942}") = "Console_PeakIndex_in_Mountain_Array", "Console_PeakIndex_in_Mountain_Array\Console_PeakIndex_in_Mountain_Array.vcxproj", "{ACD68818-167C-4762-B720-D7EE42AA9E47}"
EndProject
Global
	GlobalSection(SolutionConfigurationPlatforms) = preSolution
		Debug|x64 = Debug|x64
		Debug|x86 = Debug|x86
		Release|x64 = Release|x64
		Release|x86 = Release|x86
	EndGlobalSection
	GlobalSection(ProjectConfigurationPlatforms) = postSolution
		{ACD68818-167C-4762-B720-D7EE42AA9E47}.Debug|x64.ActiveCfg = Debug|x64
		{ACD68818-167C-4762-B720-D7EE42AA9E47}.Debug|x64.Build.0 = Debug|x64
		{ACD68818-167C-4762-B720-D7EE42AA9E47}.Debug|x86.ActiveCfg = Debug|Win32
		{ACD68818-167C-4762-B720-D7EE42AA9E47}.Debug|x86.Build.0 = Debug|Win32
		{ACD68818-167C-4762-B720-D7EE42AA9E47}.Release|x64.ActiveCfg = Release|x64
		{ACD68818-167C-4762-B720-D7EE42AA9E47}.Release|x64.Build.0 = Release|x64
		{ACD68818-167C-4762-B720-D7EE42AA9E47}.Release|x86.ActiveCfg = Release|Win32
		{ACD68818-167C-4762-B720-D7EE42AA9E47}.Release|x86.Build.0 = Release|Win32
	EndGlobalSection
	GlobalSection(SolutionProperties) = preSolution
		HideSolutionNode = FALSE
	EndGlobalSection
	GlobalSection(ExtensibilityGlobals) = postSolution
		SolutionGuid = {5CBDDA73-C9BC-479D-9E8B-6CC4F25220F3}
	EndGlobalSection
EndGlobal
