
Microsoft Visual Studio Solution File, Format Version 12.00
# Visual Studio Version 16
VisualStudioVersion = 16.0.33423.256
MinimumVisualStudioVersion = 10.0.40219.1
Project("{8BC9CEB8-8B4A-11D0-8D11-00A0C91BC942}") = "ConsoleApp_Merge_Two_BinaryTrees", "ConsoleApp_Merge_Two_BinaryTrees\ConsoleApp_Merge_Two_BinaryTrees.vcxproj", "{C8547CB0-A3A9-4FA6-B394-3B5130C96364}"
EndProject
Global
	GlobalSection(SolutionConfigurationPlatforms) = preSolution
		Debug|x64 = Debug|x64
		Debug|x86 = Debug|x86
		Release|x64 = Release|x64
		Release|x86 = Release|x86
	EndGlobalSection
	GlobalSection(ProjectConfigurationPlatforms) = postSolution
		{C8547CB0-A3A9-4FA6-B394-3B5130C96364}.Debug|x64.ActiveCfg = Debug|x64
		{C8547CB0-A3A9-4FA6-B394-3B5130C96364}.Debug|x64.Build.0 = Debug|x64
		{C8547CB0-A3A9-4FA6-B394-3B5130C96364}.Debug|x86.ActiveCfg = Debug|Win32
		{C8547CB0-A3A9-4FA6-B394-3B5130C96364}.Debug|x86.Build.0 = Debug|Win32
		{C8547CB0-A3A9-4FA6-B394-3B5130C96364}.Release|x64.ActiveCfg = Release|x64
		{C8547CB0-A3A9-4FA6-B394-3B5130C96364}.Release|x64.Build.0 = Release|x64
		{C8547CB0-A3A9-4FA6-B394-3B5130C96364}.Release|x86.ActiveCfg = Release|Win32
		{C8547CB0-A3A9-4FA6-B394-3B5130C96364}.Release|x86.Build.0 = Release|Win32
	EndGlobalSection
	GlobalSection(SolutionProperties) = preSolution
		HideSolutionNode = FALSE
	EndGlobalSection
	GlobalSection(ExtensibilityGlobals) = postSolution
		SolutionGuid = {89528103-2744-4F1D-8CCD-005F4F3326F4}
	EndGlobalSection
EndGlobal
