
Microsoft Visual Studio Solution File, Format Version 12.00
# Visual Studio Version 16
VisualStudioVersion = 16.0.33423.256
MinimumVisualStudioVersion = 10.0.40219.1
Project("{8BC9CEB8-8B4A-11D0-8D11-00A0C91BC942}") = "ConsoleApplication_Daily_Temperature", "ConsoleApplication_Daily_Temperature\ConsoleApplication_Daily_Temperature.vcxproj", "{B1DF2ABC-D761-4209-BA4A-F2D425A91FFC}"
EndProject
Global
	GlobalSection(SolutionConfigurationPlatforms) = preSolution
		Debug|x64 = Debug|x64
		Debug|x86 = Debug|x86
		Release|x64 = Release|x64
		Release|x86 = Release|x86
	EndGlobalSection
	GlobalSection(ProjectConfigurationPlatforms) = postSolution
		{B1DF2ABC-D761-4209-BA4A-F2D425A91FFC}.Debug|x64.ActiveCfg = Debug|x64
		{B1DF2ABC-D761-4209-BA4A-F2D425A91FFC}.Debug|x64.Build.0 = Debug|x64
		{B1DF2ABC-D761-4209-BA4A-F2D425A91FFC}.Debug|x86.ActiveCfg = Debug|Win32
		{B1DF2ABC-D761-4209-BA4A-F2D425A91FFC}.Debug|x86.Build.0 = Debug|Win32
		{B1DF2ABC-D761-4209-BA4A-F2D425A91FFC}.Release|x64.ActiveCfg = Release|x64
		{B1DF2ABC-D761-4209-BA4A-F2D425A91FFC}.Release|x64.Build.0 = Release|x64
		{B1DF2ABC-D761-4209-BA4A-F2D425A91FFC}.Release|x86.ActiveCfg = Release|Win32
		{B1DF2ABC-D761-4209-BA4A-F2D425A91FFC}.Release|x86.Build.0 = Release|Win32
	EndGlobalSection
	GlobalSection(SolutionProperties) = preSolution
		HideSolutionNode = FALSE
	EndGlobalSection
	GlobalSection(ExtensibilityGlobals) = postSolution
		SolutionGuid = {E9EAF618-4F93-4265-A8E2-43324FB0CF93}
	EndGlobalSection
EndGlobal
