
Microsoft Visual Studio Solution File, Format Version 12.00
# Visual Studio Version 16
VisualStudioVersion = 16.0.33423.256
MinimumVisualStudioVersion = 10.0.40219.1
Project("{8BC9CEB8-8B4A-11D0-8D11-00A0C91BC942}") = "ConsoleApp_BattleShips_in_a_Board", "ConsoleApp_BattleShips_in_a_Board\ConsoleApp_BattleShips_in_a_Board.vcxproj", "{88FB82FE-3F6D-472E-8EC4-7707CEC0E638}"
EndProject
Global
	GlobalSection(SolutionConfigurationPlatforms) = preSolution
		Debug|x64 = Debug|x64
		Debug|x86 = Debug|x86
		Release|x64 = Release|x64
		Release|x86 = Release|x86
	EndGlobalSection
	GlobalSection(ProjectConfigurationPlatforms) = postSolution
		{88FB82FE-3F6D-472E-8EC4-7707CEC0E638}.Debug|x64.ActiveCfg = Debug|x64
		{88FB82FE-3F6D-472E-8EC4-7707CEC0E638}.Debug|x64.Build.0 = Debug|x64
		{88FB82FE-3F6D-472E-8EC4-7707CEC0E638}.Debug|x86.ActiveCfg = Debug|Win32
		{88FB82FE-3F6D-472E-8EC4-7707CEC0E638}.Debug|x86.Build.0 = Debug|Win32
		{88FB82FE-3F6D-472E-8EC4-7707CEC0E638}.Release|x64.ActiveCfg = Release|x64
		{88FB82FE-3F6D-472E-8EC4-7707CEC0E638}.Release|x64.Build.0 = Release|x64
		{88FB82FE-3F6D-472E-8EC4-7707CEC0E638}.Release|x86.ActiveCfg = Release|Win32
		{88FB82FE-3F6D-472E-8EC4-7707CEC0E638}.Release|x86.Build.0 = Release|Win32
	EndGlobalSection
	GlobalSection(SolutionProperties) = preSolution
		HideSolutionNode = FALSE
	EndGlobalSection
	GlobalSection(ExtensibilityGlobals) = postSolution
		SolutionGuid = {0738488F-EBCE-46C8-BEA1-B2CEB7605F95}
	EndGlobalSection
EndGlobal
